# This file is automatically @generated by Cargo.
# It is not intended for manual editing.
version = 4

[[package]]
name = "aoc0101"
version = "0.1.0"

[[package]]
name = "aoc02"
version = "0.1.0"

[[package]]
name = "aoc03"
version = "0.1.0"

[[package]]
name = "aoc04"
version = "0.1.0"

[[package]]
name = "aoc05"
version = "0.1.0"

[[package]]
name = "aoc06"
version = "0.1.0"

[[package]]
name = "aoc07"
version = "0.1.0"

[[package]]
name = "aoc08"
version = "0.1.0"
